
Microsoft Visual Studio Solution File, Format Version 12.00
Project("{FAE04EC0-301F-11D3-BF4B-00C04F79EFBC}") = "TryOut1", "TryOut1\TryOut1.csproj", "{384BF264-03F0-418A-9BE9-E9351689A93A}"
EndProject
Global
	GlobalSection(SolutionConfigurationPlatforms) = preSolution
		Debug|Any CPU = Debug|Any CPU
		Release|Any CPU = Release|Any CPU
	EndGlobalSection
	GlobalSection(ProjectConfigurationPlatforms) = postSolution
		{384BF264-03F0-418A-9BE9-E9351689A93A}.Debug|Any CPU.ActiveCfg = Debug|Any CPU
		{384BF264-03F0-418A-9BE9-E9351689A93A}.Debug|Any CPU.Build.0 = Debug|Any CPU
		{384BF264-03F0-418A-9BE9-E9351689A93A}.Release|Any CPU.ActiveCfg = Release|Any CPU
		{384BF264-03F0-418A-9BE9-E9351689A93A}.Release|Any CPU.Build.0 = Release|Any CPU
	EndGlobalSection
EndGlobal
